
Microsoft Visual Studio Solution File, Format Version 12.00
# Visual Studio Version 17
VisualStudioVersion = 17.8.34511.84
MinimumVisualStudioVersion = 10.0.40219.1
Project("{FAE04EC0-301F-11D3-BF4B-00C04F79EFBC}") = "ShapeAreaLibrary", "ShapeAreaLibrary\ShapeAreaLibrary.csproj", "{81C1C597-10C5-43CB-BF81-01E8BF973585}"
EndProject
Project("{FAE04EC0-301F-11D3-BF4B-00C04F79EFBC}") = "TestProject", "TestProject\TestProject.csproj", "{79B640BA-3763-4B88-8867-C91FDEB0540D}"
EndProject
Project("{FAE04EC0-301F-11D3-BF4B-00C04F79EFBC}") = "ClientApplication", "ClientApplication\ClientApplication.csproj", "{16A42603-D26E-44AC-A30E-2299FE66E327}"
EndProject
Global
	GlobalSection(SolutionConfigurationPlatforms) = preSolution
		Debug|Any CPU = Debug|Any CPU
		Release|Any CPU = Release|Any CPU
	EndGlobalSection
	GlobalSection(ProjectConfigurationPlatforms) = postSolution
		{81C1C597-10C5-43CB-BF81-01E8BF973585}.Debug|Any CPU.ActiveCfg = Debug|Any CPU
		{81C1C597-10C5-43CB-BF81-01E8BF973585}.Debug|Any CPU.Build.0 = Debug|Any CPU
		{81C1C597-10C5-43CB-BF81-01E8BF973585}.Release|Any CPU.ActiveCfg = Release|Any CPU
		{81C1C597-10C5-43CB-BF81-01E8BF973585}.Release|Any CPU.Build.0 = Release|Any CPU
		{79B640BA-3763-4B88-8867-C91FDEB0540D}.Debug|Any CPU.ActiveCfg = Debug|Any CPU
		{79B640BA-3763-4B88-8867-C91FDEB0540D}.Debug|Any CPU.Build.0 = Debug|Any CPU
		{79B640BA-3763-4B88-8867-C91FDEB0540D}.Release|Any CPU.ActiveCfg = Release|Any CPU
		{79B640BA-3763-4B88-8867-C91FDEB0540D}.Release|Any CPU.Build.0 = Release|Any CPU
		{16A42603-D26E-44AC-A30E-2299FE66E327}.Debug|Any CPU.ActiveCfg = Debug|Any CPU
		{16A42603-D26E-44AC-A30E-2299FE66E327}.Debug|Any CPU.Build.0 = Debug|Any CPU
		{16A42603-D26E-44AC-A30E-2299FE66E327}.Release|Any CPU.ActiveCfg = Release|Any CPU
		{16A42603-D26E-44AC-A30E-2299FE66E327}.Release|Any CPU.Build.0 = Release|Any CPU
	EndGlobalSection
	GlobalSection(SolutionProperties) = preSolution
		HideSolutionNode = FALSE
	EndGlobalSection
	GlobalSection(ExtensibilityGlobals) = postSolution
		SolutionGuid = {BA664287-0A01-4B6A-B330-3DA2E3D45279}
	EndGlobalSection
EndGlobal
